# This file was autogenerated by Stack.
# You should not edit this file by hand.
# For more information, please see the documentation at:
#   https://docs.haskellstack.org/en/stable/lock_files

packages:
- completed:
    hackage: hspec-2.11.7@sha256:2869580a2a29e7beb6268ea3dc561583f4ae229ed1f47fb1c92e8c09ce35acec,1763
    pantry-tree:
      size: 584
      sha256: f241a7710ebee50583f9aebff61aaf4d36619ba7d6538b39b80ee4695c70552e
  original:
    hackage: hspec-2.11.7@sha256:2869580a2a29e7beb6268ea3dc561583f4ae229ed1f47fb1c92e8c09ce35acec,1763
- completed:
    hackage: hspec-core-2.11.7@sha256:90d8873356d7e15f843bc523360e206e8e356ff6b82a1fa4b3889dc31d073ea1,6814
    pantry-tree:
      size: 6231
      sha256: 8db12c1f6965d9f0898f04d7b5f1d77682c8ab2d5c394c4a431229df7c4acb14
  original:
    hackage: hspec-core-2.11.7@sha256:90d8873356d7e15f843bc523360e206e8e356ff6b82a1fa4b3889dc31d073ea1,6814
- completed:
    hackage: hspec-discover-2.11.7@sha256:6307eb16d308258a99a242025df50217d835ba0a3f205b1202a100a175877b38,2169
    pantry-tree:
      size: 829
      sha256: 141b4987d519ad1ca1114737f510f20adc2456bf44c040f41a63792f47d009eb
  original:
    hackage: hspec-discover-2.11.7@sha256:6307eb16d308258a99a242025df50217d835ba0a3f205b1202a100a175877b38,2169
- completed:
    hackage: hspec-expectations-0.8.4@sha256:4237f094a7931202ff57ac6475542b0b314b50a7024550e2b6eb87cfb0d4ff93,1702
    pantry-tree:
      size: 741
      sha256: 87681840d430b84686f83f1ab8b5873b09c349775698665233443914acf9ba2b
  original:
    hackage: hspec-expectations-0.8.4@sha256:4237f094a7931202ff57ac6475542b0b314b50a7024550e2b6eb87cfb0d4ff93,1702
- completed:
    hackage: thread-utils-context-0.2.0.0@sha256:7863e568c7a43cd21616342d20484d4c962aaa9710619f104c6fb7ee32273940,1883
    pantry-tree:
      size: 450
      sha256: 605ea068880ad39c96fce0d91db9f2d54553ed43dfc41c37845fade8be2e9568
  original:
    hackage: thread-utils-context-0.2.0.0@sha256:7863e568c7a43cd21616342d20484d4c962aaa9710619f104c6fb7ee32273940,1883
- completed:
    hackage: thread-utils-finalizers-0.1.1.0@sha256:24944b71d9f1d01695a5908b4a3b44838fab870883114a323336d537995e0a5b,1381
    pantry-tree:
      size: 400
      sha256: 8c2c2e2e22c20bf3696ee6f30b50b3a9eeae187a22beb536441eefb0a3f9c549
  original:
    hackage: thread-utils-finalizers-0.1.1.0@sha256:24944b71d9f1d01695a5908b4a3b44838fab870883114a323336d537995e0a5b,1381
- completed:
    size: 29580
    url: https://github.com/ryantm/hdbc-mysql/archive/80f8077b29ee27bce4141b385a8b28f42cbbbe46.tar.gz
    name: HDBC-mysql
    version: 1.0.0.0
    sha256: ca7ad707203e14368d09500bcb260902e23b445c1344d12f5911e9a9ea6c9043
    pantry-tree:
      size: 1139
      sha256: fd3e0407e96f5610fee63c076428a03c0caf361f066099444f8b703da421bcb1
  original:
    url: https://github.com/ryantm/hdbc-mysql/archive/80f8077b29ee27bce4141b385a8b28f42cbbbe46.tar.gz
snapshots:
- completed:
    size: 649106
    url: https://raw.githubusercontent.com/commercialhaskell/stackage-snapshots/master/lts/20/5.yaml
    sha256: a684cdbdf9304b325a503e0fe1d9648e9c18155ce4c7cfebbe8a7f93674e6295
  original: lts-20.5
